// !$*UTF8*$!
{
	archiveVersion = 1;
	classes = {
	};
	objectVersion = 56;
	objects = {

/* Begin PBXBuildFile section */
		C2D66CFE2D12241F00AC2FDA /* XcodeJsonParserApp.swift in Sources */ = {isa = PBXBuildFile; fileRef = C2D66CFD2D12241F00AC2FDA /* XcodeJsonParserApp.swift */; };
		C2D66D002D12241F00AC2FDA /* ContentView.swift in Sources */ = {isa = PBXBuildFile; fileRef = C2D66CFF2D12241F00AC2FDA /* ContentView.swift */; };
		C2D66D022D12242000AC2FDA /* Assets.xcassets in Resources */ = {isa = PBXBuildFile; fileRef = C2D66D012D12242000AC2FDA /* Assets.xcassets */; };
		C2D66D052D12242000AC2FDA /* Preview Assets.xcassets in Resources */ = {isa = PBXBuildFile; fileRef = C2D66D042D12242000AC2FDA /* Preview Assets.xcassets */; };
		C2D66D102D12242000AC2FDA /* XcodeJsonParserTests.swift in Sources */ = {isa = PBXBuildFile; fileRef = C2D66D0F2D12242000AC2FDA /* XcodeJsonParserTests.swift */; };
		C2D66D1A2D12242000AC2FDA /* XcodeJsonParserUITests.swift in Sources */ = {isa = PBXBuildFile; fileRef = C2D66D192D12242000AC2FDA /* XcodeJsonParserUITests.swift */; };
		C2D66D1C2D12242000AC2FDA /* XcodeJsonParserUITestsLaunchTests.swift in Sources */ = {isa = PBXBuildFile; fileRef = C2D66D1B2D12242000AC2FDA /* XcodeJsonParserUITestsLaunchTests.swift */; };
/* End PBXBuildFile section */

/* Begin PBXContainerItemProxy section */
		C2D66D0C2D12242000AC2FDA /* PBXContainerItemProxy */ = {
			isa = PBXContainerItemProxy;
			containerPortal = C2D66CF22D12241F00AC2FDA /* Project object */;
			proxyType = 1;
			remoteGlobalIDString = C2D66CF92D12241F00AC2FDA;
			remoteInfo = XcodeJsonParser;
		};
		C2D66D162D12242000AC2FDA /* PBXContainerItemProxy */ = {
			isa = PBXContainerItemProxy;
			containerPortal = C2D66CF22D12241F00AC2FDA /* Project object */;
			proxyType = 1;
			remoteGlobalIDString = C2D66CF92D12241F00AC2FDA;
			remoteInfo = XcodeJsonParser;
		};
/* End PBXContainerItemProxy section */

/* Begin PBXFileReference section */
		C2D66CFA2D12241F00AC2FDA /* XcodeJsonParser.app */ = {isa = PBXFileReference; explicitFileType = wrapper.application; includeInIndex = 0; path = XcodeJsonParser.app; sourceTree = BUILT_PRODUCTS_DIR; };
		C2D66CFD2D12241F00AC2FDA /* XcodeJsonParserApp.swift */ = {isa = PBXFileReference; lastKnownFileType = sourcecode.swift; path = XcodeJsonParserApp.swift; sourceTree = "<group>"; };
		C2D66CFF2D12241F00AC2FDA /* ContentView.swift */ = {isa = PBXFileReference; lastKnownFileType = sourcecode.swift; path = ContentView.swift; sourceTree = "<group>"; };
		C2D66D012D12242000AC2FDA /* Assets.xcassets */ = {isa = PBXFileReference; lastKnownFileType = folder.assetcatalog; path = Assets.xcassets; sourceTree = "<group>"; };
		C2D66D042D12242000AC2FDA /* Preview Assets.xcassets */ = {isa = PBXFileReference; lastKnownFileType = folder.assetcatalog; path = "Preview Assets.xcassets"; sourceTree = "<group>"; };
		C2D66D062D12242000AC2FDA /* XcodeJsonParser.entitlements */ = {isa = PBXFileReference; lastKnownFileType = text.plist.entitlements; path = XcodeJsonParser.entitlements; sourceTree = "<group>"; };
		C2D66D0B2D12242000AC2FDA /* XcodeJsonParserTests.xctest */ = {isa = PBXFileReference; explicitFileType = wrapper.cfbundle; includeInIndex = 0; path = XcodeJsonParserTests.xctest; sourceTree = BUILT_PRODUCTS_DIR; };
		C2D66D0F2D12242000AC2FDA /* XcodeJsonParserTests.swift */ = {isa = PBXFileReference; lastKnownFileType = sourcecode.swift; path = XcodeJsonParserTests.swift; sourceTree = "<group>"; };
		C2D66D152D12242000AC2FDA /* XcodeJsonParserUITests.xctest */ = {isa = PBXFileReference; explicitFileType = wrapper.cfbundle; includeInIndex = 0; path = XcodeJsonParserUITests.xctest; sourceTree = BUILT_PRODUCTS_DIR; };
		C2D66D192D12242000AC2FDA /* XcodeJsonParserUITests.swift */ = {isa = PBXFileReference; lastKnownFileType = sourcecode.swift; path = XcodeJsonParserUITests.swift; sourceTree = "<group>"; };
		C2D66D1B2D12242000AC2FDA /* XcodeJsonParserUITestsLaunchTests.swift */ = {isa = PBXFileReference; lastKnownFileType = sourcecode.swift; path = XcodeJsonParserUITestsLaunchTests.swift; sourceTree = "<group>"; };
/* End PBXFileReference section */

/* Begin PBXFrameworksBuildPhase section */
		C2D66CF72D12241F00AC2FDA /* Frameworks */ = {
			isa = PBXFrameworksBuildPhase;
			buildActionMask = 2147483647;
			files = (
			);
			runOnlyForDeploymentPostprocessing = 0;
		};
		C2D66D082D12242000AC2FDA /* Frameworks */ = {
			isa = PBXFrameworksBuildPhase;
			buildActionMask = 2147483647;
			files = (
			);
			runOnlyForDeploymentPostprocessing = 0;
		};
		C2D66D122D12242000AC2FDA /* Frameworks */ = {
			isa = PBXFrameworksBuildPhase;
			buildActionMask = 2147483647;
			files = (
			);
			runOnlyForDeploymentPostprocessing = 0;
		};
/* End PBXFrameworksBuildPhase section */

/* Begin PBXGroup section */
		C2D66CF12D12241F00AC2FDA = {
			isa = PBXGroup;
			children = (
				C2D66CFC2D12241F00AC2FDA /* XcodeJsonParser */,
				C2D66D0E2D12242000AC2FDA /* XcodeJsonParserTests */,
				C2D66D182D12242000AC2FDA /* XcodeJsonParserUITests */,
				C2D66CFB2D12241F00AC2FDA /* Products */,
			);
			sourceTree = "<group>";
		};
		C2D66CFB2D12241F00AC2FDA /* Products */ = {
			isa = PBXGroup;
			children = (
				C2D66CFA2D12241F00AC2FDA /* XcodeJsonParser.app */,
				C2D66D0B2D12242000AC2FDA /* XcodeJsonParserTests.xctest */,
				C2D66D152D12242000AC2FDA /* XcodeJsonParserUITests.xctest */,
			);
			name = Products;
			sourceTree = "<group>";
		};
		C2D66CFC2D12241F00AC2FDA /* XcodeJsonParser */ = {
			isa = PBXGroup;
			children = (
				C2D66CFD2D12241F00AC2FDA /* XcodeJsonParserApp.swift */,
				C2D66CFF2D12241F00AC2FDA /* ContentView.swift */,
				C2D66D012D12242000AC2FDA /* Assets.xcassets */,
				C2D66D062D12242000AC2FDA /* XcodeJsonParser.entitlements */,
				C2D66D032D12242000AC2FDA /* Preview Content */,
			);
			path = XcodeJsonParser;
			sourceTree = "<group>";
		};
		C2D66D032D12242000AC2FDA /* Preview Content */ = {
			isa = PBXGroup;
			children = (
				C2D66D042D12242000AC2FDA /* Preview Assets.xcassets */,
			);
			path = "Preview Content";
			sourceTree = "<group>";
		};
		C2D66D0E2D12242000AC2FDA /* XcodeJsonParserTests */ = {
			isa = PBXGroup;
			children = (
				C2D66D0F2D12242000AC2FDA /* XcodeJsonParserTests.swift */,
			);
			path = XcodeJsonParserTests;
			sourceTree = "<group>";
		};
		C2D66D182D12242000AC2FDA /* XcodeJsonParserUITests */ = {
			isa = PBXGroup;
			children = (
				C2D66D192D12242000AC2FDA /* XcodeJsonParserUITests.swift */,
				C2D66D1B2D12242000AC2FDA /* XcodeJsonParserUITestsLaunchTests.swift */,
			);
			path = XcodeJsonParserUITests;
			sourceTree = "<group>";
		};
/* End PBXGroup section */

/* Begin PBXNativeTarget section */
		C2D66CF92D12241F00AC2FDA /* XcodeJsonParser */ = {
			isa = PBXNativeTarget;
			buildConfigurationList = C2D66D1F2D12242000AC2FDA /* Build configuration list for PBXNativeTarget "XcodeJsonParser" */;
			buildPhases = (
				C2D66CF62D12241F00AC2FDA /* Sources */,
				C2D66CF72D12241F00AC2FDA /* Frameworks */,
				C2D66CF82D12241F00AC2FDA /* Resources */,
			);
			buildRules = (
			);
			dependencies = (
			);
			name = XcodeJsonParser;
			productName = XcodeJsonParser;
			productReference = C2D66CFA2D12241F00AC2FDA /* XcodeJsonParser.app */;
			productType = "com.apple.product-type.application";
		};
		C2D66D0A2D12242000AC2FDA /* XcodeJsonParserTests */ = {
			isa = PBXNativeTarget;
			buildConfigurationList = C2D66D222D12242000AC2FDA /* Build configuration list for PBXNativeTarget "XcodeJsonParserTests" */;
			buildPhases = (
				C2D66D072D12242000AC2FDA /* Sources */,
				C2D66D082D12242000AC2FDA /* Frameworks */,
				C2D66D092D12242000AC2FDA /* Resources */,
			);
			buildRules = (
			);
			dependencies = (
				C2D66D0D2D12242000AC2FDA /* PBXTargetDependency */,
			);
			name = XcodeJsonParserTests;
			productName = XcodeJsonParserTests;
			productReference = C2D66D0B2D12242000AC2FDA /* XcodeJsonParserTests.xctest */;
			productType = "com.apple.product-type.bundle.unit-test";
		};
		C2D66D142D12242000AC2FDA /* XcodeJsonParserUITests */ = {
			isa = PBXNativeTarget;
			buildConfigurationList = C2D66D252D12242000AC2FDA /* Build configuration list for PBXNativeTarget "XcodeJsonParserUITests" */;
			buildPhases = (
				C2D66D112D12242000AC2FDA /* Sources */,
				C2D66D122D12242000AC2FDA /* Frameworks */,
				C2D66D132D12242000AC2FDA /* Resources */,
			);
			buildRules = (
			);
			dependencies = (
				C2D66D172D12242000AC2FDA /* PBXTargetDependency */,
			);
			name = XcodeJsonParserUITests;
			productName = XcodeJsonParserUITests;
			productReference = C2D66D152D12242000AC2FDA /* XcodeJsonParserUITests.xctest */;
			productType = "com.apple.product-type.bundle.ui-testing";
		};
/* End PBXNativeTarget section */

/* Begin PBXProject section */
		C2D66CF22D12241F00AC2FDA /* Project object */ = {
			isa = PBXProject;
			attributes = {
				BuildIndependentTargetsInParallel = 1;
				LastSwiftUpdateCheck = 1500;
				LastUpgradeCheck = 1500;
				TargetAttributes = {
					C2D66CF92D12241F00AC2FDA = {
						CreatedOnToolsVersion = 15.0;
					};
					C2D66D0A2D12242000AC2FDA = {
						CreatedOnToolsVersion = 15.0;
						TestTargetID = C2D66CF92D12241F00AC2FDA;
					};
					C2D66D142D12242000AC2FDA = {
						CreatedOnToolsVersion = 15.0;
						TestTargetID = C2D66CF92D12241F00AC2FDA;
					};
				};
			};
			buildConfigurationList = C2D66CF52D12241F00AC2FDA /* Build configuration list for PBXProject "XcodeJsonParser" */;
			compatibilityVersion = "Xcode 14.0";
			developmentRegion = en;
			hasScannedForEncodings = 0;
			knownRegions = (
				en,
				Base,
			);
			mainGroup = C2D66CF12D12241F00AC2FDA;
			productRefGroup = C2D66CFB2D12241F00AC2FDA /* Products */;
			projectDirPath = "";
			projectRoot = "";
			targets = (
				C2D66CF92D12241F00AC2FDA /* XcodeJsonParser */,
				C2D66D0A2D12242000AC2FDA /* XcodeJsonParserTests */,
				C2D66D142D12242000AC2FDA /* XcodeJsonParserUITests */,
			);
		};
/* End PBXProject section */

/* Begin PBXResourcesBuildPhase section */
		C2D66CF82D12241F00AC2FDA /* Resources */ = {
			isa = PBXResourcesBuildPhase;
			buildActionMask = 2147483647;
			files = (
				C2D66D052D12242000AC2FDA /* Preview Assets.xcassets in Resources */,
				C2D66D022D12242000AC2FDA /* Assets.xcassets in Resources */,
			);
			runOnlyForDeploymentPostprocessing = 0;
		};
		C2D66D092D12242000AC2FDA /* Resources */ = {
			isa = PBXResourcesBuildPhase;
			buildActionMask = 2147483647;
			files = (
			);
			runOnlyForDeploymentPostprocessing = 0;
		};
		C2D66D132D12242000AC2FDA /* Resources */ = {
			isa = PBXResourcesBuildPhase;
			buildActionMask = 2147483647;
			files = (
			);
			runOnlyForDeploymentPostprocessing = 0;
		};
/* End PBXResourcesBuildPhase section */

/* Begin PBXSourcesBuildPhase section */
		C2D66CF62D12241F00AC2FDA /* Sources */ = {
			isa = PBXSourcesBuildPhase;
			buildActionMask = 2147483647;
			files = (
				C2D66D002D12241F00AC2FDA /* ContentView.swift in Sources */,
				C2D66CFE2D12241F00AC2FDA /* XcodeJsonParserApp.swift in Sources */,
			);
			runOnlyForDeploymentPostprocessing = 0;
		};
		C2D66D072D12242000AC2FDA /* Sources */ = {
			isa = PBXSourcesBuildPhase;
			buildActionMask = 2147483647;
			files = (
				C2D66D102D12242000AC2FDA /* XcodeJsonParserTests.swift in Sources */,
			);
			runOnlyForDeploymentPostprocessing = 0;
		};
		C2D66D112D12242000AC2FDA /* Sources */ = {
			isa = PBXSourcesBuildPhase;
			buildActionMask = 2147483647;
			files = (
				C2D66D1A2D12242000AC2FDA /* XcodeJsonParserUITests.swift in Sources */,
				C2D66D1C2D12242000AC2FDA /* XcodeJsonParserUITestsLaunchTests.swift in Sources */,
			);
			runOnlyForDeploymentPostprocessing = 0;
		};
/* End PBXSourcesBuildPhase section */

/* Begin PBXTargetDependency section */
		C2D66D0D2D12242000AC2FDA /* PBXTargetDependency */ = {
			isa = PBXTargetDependency;
			target = C2D66CF92D12241F00AC2FDA /* XcodeJsonParser */;
			targetProxy = C2D66D0C2D12242000AC2FDA /* PBXContainerItemProxy */;
		};
		C2D66D172D12242000AC2FDA /* PBXTargetDependency */ = {
			isa = PBXTargetDependency;
			target = C2D66CF92D12241F00AC2FDA /* XcodeJsonParser */;
			targetProxy = C2D66D162D12242000AC2FDA /* PBXContainerItemProxy */;
		};
/* End PBXTargetDependency section */

/* Begin XCBuildConfiguration section */
		C2D66D1D2D12242000AC2FDA /* Debug */ = {
			isa = XCBuildConfiguration;
			buildSettings = {
				ALWAYS_SEARCH_USER_PATHS = NO;
				ASSETCATALOG_COMPILER_GENERATE_SWIFT_ASSET_SYMBOL_EXTENSIONS = YES;
				CLANG_ANALYZER_NONNULL = YES;
				CLANG_ANALYZER_NUMBER_OBJECT_CONVERSION = YES_AGGRESSIVE;
				CLANG_CXX_LANGUAGE_STANDARD = "gnu++20";
				CLANG_ENABLE_MODULES = YES;
				CLANG_ENABLE_OBJC_ARC = YES;
				CLANG_ENABLE_OBJC_WEAK = YES;
				CLANG_WARN_BLOCK_CAPTURE_AUTORELEASING = YES;
				CLANG_WARN_BOOL_CONVERSION = YES;
				CLANG_WARN_COMMA = YES;
				CLANG_WARN_CONSTANT_CONVERSION = YES;
				CLANG_WARN_DEPRECATED_OBJC_IMPLEMENTATIONS = YES;
				CLANG_WARN_DIRECT_OBJC_ISA_USAGE = YES_ERROR;
				CLANG_WARN_DOCUMENTATION_COMMENTS = YES;
				CLANG_WARN_EMPTY_BODY = YES;
				CLANG_WARN_ENUM_CONVERSION = YES;
				CLANG_WARN_INFINITE_RECURSION = YES;
				CLANG_WARN_INT_CONVERSION = YES;
				CLANG_WARN_NON_LITERAL_NULL_CONVERSION = YES;
				CLANG_WARN_OBJC_IMPLICIT_RETAIN_SELF = YES;
				CLANG_WARN_OBJC_LITERAL_CONVERSION = YES;
				CLANG_WARN_OBJC_ROOT_CLASS = YES_ERROR;
				CLANG_WARN_QUOTED_INCLUDE_IN_FRAMEWORK_HEADER = YES;
				CLANG_WARN_RANGE_LOOP_ANALYSIS = YES;
				CLANG_WARN_STRICT_PROTOTYPES = YES;
				CLANG_WARN_SUSPICIOUS_MOVE = YES;
				CLANG_WARN_UNGUARDED_AVAILABILITY = YES_AGGRESSIVE;
				CLANG_WARN_UNREACHABLE_CODE = YES;
				CLANG_WARN__DUPLICATE_METHOD_MATCH = YES;
				COPY_PHASE_STRIP = NO;
				DEBUG_INFORMATION_FORMAT = dwarf;
				ENABLE_STRICT_OBJC_MSGSEND = YES;
				ENABLE_TESTABILITY = YES;
				ENABLE_USER_SCRIPT_SANDBOXING = YES;
				GCC_C_LANGUAGE_STANDARD = gnu17;
				GCC_DYNAMIC_NO_PIC = NO;
				GCC_NO_COMMON_BLOCKS = YES;
				GCC_OPTIMIZATION_LEVEL = 0;
				GCC_PREPROCESSOR_DEFINITIONS = (
					"DEBUG=1",
					"$(inherited)",
				);
				GCC_WARN_64_TO_32_BIT_CONVERSION = YES;
				GCC_WARN_ABOUT_RETURN_TYPE = YES_ERROR;
				GCC_WARN_UNDECLARED_SELECTOR = YES;
				GCC_WARN_UNINITIALIZED_AUTOS = YES_AGGRESSIVE;
				GCC_WARN_UNUSED_FUNCTION = YES;
				GCC_WARN_UNUSED_VARIABLE = YES;
				LOCALIZATION_PREFERS_STRING_CATALOGS = YES;
				MACOSX_DEPLOYMENT_TARGET = 14.0;
				MTL_ENABLE_DEBUG_INFO = INCLUDE_SOURCE;
				MTL_FAST_MATH = YES;
				ONLY_ACTIVE_ARCH = YES;
				SDKROOT = macosx;
				SWIFT_ACTIVE_COMPILATION_CONDITIONS = "DEBUG $(inherited)";
				SWIFT_OPTIMIZATION_LEVEL = "-Onone";
			};
			name = Debug;
		};
		C2D66D1E2D12242000AC2FDA /* Release */ = {
			isa = XCBuildConfiguration;
			buildSettings = {
				ALWAYS_SEARCH_USER_PATHS = NO;
				ASSETCATALOG_COMPILER_GENERATE_SWIFT_ASSET_SYMBOL_EXTENSIONS = YES;
				CLANG_ANALYZER_NONNULL = YES;
				CLANG_ANALYZER_NUMBER_OBJECT_CONVERSION = YES_AGGRESSIVE;
				CLANG_CXX_LANGUAGE_STANDARD = "gnu++20";
				CLANG_ENABLE_MODULES = YES;
				CLANG_ENABLE_OBJC_ARC = YES;
				CLANG_ENABLE_OBJC_WEAK = YES;
				CLANG_WARN_BLOCK_CAPTURE_AUTORELEASING = YES;
				CLANG_WARN_BOOL_CONVERSION = YES;
				CLANG_WARN_COMMA = YES;
				CLANG_WARN_CONSTANT_CONVERSION = YES;
				CLANG_WARN_DEPRECATED_OBJC_IMPLEMENTATIONS = YES;
				CLANG_WARN_DIRECT_OBJC_ISA_USAGE = YES_ERROR;
				CLANG_WARN_DOCUMENTATION_COMMENTS = YES;
				CLANG_WARN_EMPTY_BODY = YES;
				CLANG_WARN_ENUM_CONVERSION = YES;
				CLANG_WARN_INFINITE_RECURSION = YES;
				CLANG_WARN_INT_CONVERSION = YES;
				CLANG_WARN_NON_LITERAL_NULL_CONVERSION = YES;
				CLANG_WARN_OBJC_IMPLICIT_RETAIN_SELF = YES;
				CLANG_WARN_OBJC_LITERAL_CONVERSION = YES;
				CLANG_WARN_OBJC_ROOT_CLASS = YES_ERROR;
				CLANG_WARN_QUOTED_INCLUDE_IN_FRAMEWORK_HEADER = YES;
				CLANG_WARN_RANGE_LOOP_ANALYSIS = YES;
				CLANG_WARN_STRICT_PROTOTYPES = YES;
				CLANG_WARN_SUSPICIOUS_MOVE = YES;
				CLANG_WARN_UNGUARDED_AVAILABILITY = YES_AGGRESSIVE;
				CLANG_WARN_UNREACHABLE_CODE = YES;
				CLANG_WARN__DUPLICATE_METHOD_MATCH = YES;
				COPY_PHASE_STRIP = NO;
				DEBUG_INFORMATION_FORMAT = "dwarf-with-dsym";
				ENABLE_NS_ASSERTIONS = NO;
				ENABLE_STRICT_OBJC_MSGSEND = YES;
				ENABLE_USER_SCRIPT_SANDBOXING = YES;
				GCC_C_LANGUAGE_STANDARD = gnu17;
				GCC_NO_COMMON_BLOCKS = YES;
				GCC_WARN_64_TO_32_BIT_CONVERSION = YES;
				GCC_WARN_ABOUT_RETURN_TYPE = YES_ERROR;
				GCC_WARN_UNDECLARED_SELECTOR = YES;
				GCC_WARN_UNINITIALIZED_AUTOS = YES_AGGRESSIVE;
				GCC_WARN_UNUSED_FUNCTION = YES;
				GCC_WARN_UNUSED_VARIABLE = YES;
				LOCALIZATION_PREFERS_STRING_CATALOGS = YES;
				MACOSX_DEPLOYMENT_TARGET = 14.0;
				MTL_ENABLE_DEBUG_INFO = NO;
				MTL_FAST_MATH = YES;
				SDKROOT = macosx;
				SWIFT_COMPILATION_MODE = wholemodule;
			};
			name = Release;
		};
		C2D66D202D12242000AC2FDA /* Debug */ = {
			isa = XCBuildConfiguration;
			buildSettings = {
				ASSETCATALOG_COMPILER_APPICON_NAME = AppIcon;
				ASSETCATALOG_COMPILER_GLOBAL_ACCENT_COLOR_NAME = AccentColor;
				CODE_SIGN_ENTITLEMENTS = XcodeJsonParser/XcodeJsonParser.entitlements;
				CODE_SIGN_STYLE = Automatic;
				COMBINE_HIDPI_IMAGES = YES;
				CURRENT_PROJECT_VERSION = 1;
				DEVELOPMENT_ASSET_PATHS = "\"XcodeJsonParser/Preview Content\"";
				DEVELOPMENT_TEAM = 5K58H4LW33;
				ENABLE_HARDENED_RUNTIME = YES;
				ENABLE_PREVIEWS = YES;
				GENERATE_INFOPLIST_FILE = YES;
				INFOPLIST_KEY_NSHumanReadableCopyright = "";
				LD_RUNPATH_SEARCH_PATHS = (
					"$(inherited)",
					"@executable_path/../Frameworks",
				);
				MARKETING_VERSION = 1.0;
				PRODUCT_BUNDLE_IDENTIFIER = com.yasinkbas.XcodeJsonParser;
				PRODUCT_NAME = "$(TARGET_NAME)";
				SWIFT_EMIT_LOC_STRINGS = YES;
				SWIFT_VERSION = 5.0;
			};
			name = Debug;
		};
		C2D66D212D12242000AC2FDA /* Release */ = {
			isa = XCBuildConfiguration;
			buildSettings = {
				ASSETCATALOG_COMPILER_APPICON_NAME = AppIcon;
				ASSETCATALOG_COMPILER_GLOBAL_ACCENT_COLOR_NAME = AccentColor;
				CODE_SIGN_ENTITLEMENTS = XcodeJsonParser/XcodeJsonParser.entitlements;
				CODE_SIGN_STYLE = Automatic;
				COMBINE_HIDPI_IMAGES = YES;
				CURRENT_PROJECT_VERSION = 1;
				DEVELOPMENT_ASSET_PATHS = "\"XcodeJsonParser/Preview Content\"";
				DEVELOPMENT_TEAM = 5K58H4LW33;
				ENABLE_HARDENED_RUNTIME = YES;
				ENABLE_PREVIEWS = YES;
				GENERATE_INFOPLIST_FILE = YES;
				INFOPLIST_KEY_NSHumanReadableCopyright = "";
				LD_RUNPATH_SEARCH_PATHS = (
					"$(inherited)",
					"@executable_path/../Frameworks",
				);
				MARKETING_VERSION = 1.0;
				PRODUCT_BUNDLE_IDENTIFIER = com.yasinkbas.XcodeJsonParser;
				PRODUCT_NAME = "$(TARGET_NAME)";
				SWIFT_EMIT_LOC_STRINGS = YES;
				SWIFT_VERSION = 5.0;
			};
			name = Release;
		};
		C2D66D232D12242000AC2FDA /* Debug */ = {
			isa = XCBuildConfiguration;
			buildSettings = {
				ALWAYS_EMBED_SWIFT_STANDARD_LIBRARIES = YES;
				BUNDLE_LOADER = "$(TEST_HOST)";
				CODE_SIGN_STYLE = Automatic;
				CURRENT_PROJECT_VERSION = 1;
				DEVELOPMENT_TEAM = 5K58H4LW33;
				GENERATE_INFOPLIST_FILE = YES;
				MACOSX_DEPLOYMENT_TARGET = 14.0;
				MARKETING_VERSION = 1.0;
				PRODUCT_BUNDLE_IDENTIFIER = com.yasinkbas.XcodeJsonParserTests;
				PRODUCT_NAME = "$(TARGET_NAME)";
				SWIFT_EMIT_LOC_STRINGS = NO;
				SWIFT_VERSION = 5.0;
				TEST_HOST = "$(BUILT_PRODUCTS_DIR)/XcodeJsonParser.app/$(BUNDLE_EXECUTABLE_FOLDER_PATH)/XcodeJsonParser";
			};
			name = Debug;
		};
		C2D66D242D12242000AC2FDA /* Release */ = {
			isa = XCBuildConfiguration;
			buildSettings = {
				ALWAYS_EMBED_SWIFT_STANDARD_LIBRARIES = YES;
				BUNDLE_LOADER = "$(TEST_HOST)";
				CODE_SIGN_STYLE = Automatic;
				CURRENT_PROJECT_VERSION = 1;
				DEVELOPMENT_TEAM = 5K58H4LW33;
				GENERATE_INFOPLIST_FILE = YES;
				MACOSX_DEPLOYMENT_TARGET = 14.0;
				MARKETING_VERSION = 1.0;
				PRODUCT_BUNDLE_IDENTIFIER = com.yasinkbas.XcodeJsonParserTests;
				PRODUCT_NAME = "$(TARGET_NAME)";
				SWIFT_EMIT_LOC_STRINGS = NO;
				SWIFT_VERSION = 5.0;
				TEST_HOST = "$(BUILT_PRODUCTS_DIR)/XcodeJsonParser.app/$(BUNDLE_EXECUTABLE_FOLDER_PATH)/XcodeJsonParser";
			};
			name = Release;
		};
		C2D66D262D12242000AC2FDA /* Debug */ = {
			isa = XCBuildConfiguration;
			buildSettings = {
				ALWAYS_EMBED_SWIFT_STANDARD_LIBRARIES = YES;
				CODE_SIGN_STYLE = Automatic;
				CURRENT_PROJECT_VERSION = 1;
				DEVELOPMENT_TEAM = 5K58H4LW33;
				GENERATE_INFOPLIST_FILE = YES;
				MARKETING_VERSION = 1.0;
				PRODUCT_BUNDLE_IDENTIFIER = com.yasinkbas.XcodeJsonParserUITests;
				PRODUCT_NAME = "$(TARGET_NAME)";
				SWIFT_EMIT_LOC_STRINGS = NO;
				SWIFT_VERSION = 5.0;
				TEST_TARGET_NAME = XcodeJsonParser;
			};
			name = Debug;
		};
		C2D66D272D12242000AC2FDA /* Release */ = {
			isa = XCBuildConfiguration;
			buildSettings = {
				ALWAYS_EMBED_SWIFT_STANDARD_LIBRARIES = YES;
				CODE_SIGN_STYLE = Automatic;
				CURRENT_PROJECT_VERSION = 1;
				DEVELOPMENT_TEAM = 5K58H4LW33;
				GENERATE_INFOPLIST_FILE = YES;
				MARKETING_VERSION = 1.0;
				PRODUCT_BUNDLE_IDENTIFIER = com.yasinkbas.XcodeJsonParserUITests;
				PRODUCT_NAME = "$(TARGET_NAME)";
				SWIFT_EMIT_LOC_STRINGS = NO;
				SWIFT_VERSION = 5.0;
				TEST_TARGET_NAME = XcodeJsonParser;
			};
			name = Release;
		};
/* End XCBuildConfiguration section */

/* Begin XCConfigurationList section */
		C2D66CF52D12241F00AC2FDA /* Build configuration list for PBXProject "XcodeJsonParser" */ = {
			isa = XCConfigurationList;
			buildConfigurations = (
				C2D66D1D2D12242000AC2FDA /* Debug */,
				C2D66D1E2D12242000AC2FDA /* Release */,
			);
			defaultConfigurationIsVisible = 0;
			defaultConfigurationName = Release;
		};
		C2D66D1F2D12242000AC2FDA /* Build configuration list for PBXNativeTarget "XcodeJsonParser" */ = {
			isa = XCConfigurationList;
			buildConfigurations = (
				C2D66D202D12242000AC2FDA /* Debug */,
				C2D66D212D12242000AC2FDA /* Release */,
			);
			defaultConfigurationIsVisible = 0;
			defaultConfigurationName = Release;
		};
		C2D66D222D12242000AC2FDA /* Build configuration list for PBXNativeTarget "XcodeJsonParserTests" */ = {
			isa = XCConfigurationList;
			buildConfigurations = (
				C2D66D232D12242000AC2FDA /* Debug */,
				C2D66D242D12242000AC2FDA /* Release */,
			);
			defaultConfigurationIsVisible = 0;
			defaultConfigurationName = Release;
		};
		C2D66D252D12242000AC2FDA /* Build configuration list for PBXNativeTarget "XcodeJsonParserUITests" */ = {
			isa = XCConfigurationList;
			buildConfigurations = (
				C2D66D262D12242000AC2FDA /* Debug */,
				C2D66D272D12242000AC2FDA /* Release */,
			);
			defaultConfigurationIsVisible = 0;
			defaultConfigurationName = Release;
		};
/* End XCConfigurationList section */
	};
	rootObject = C2D66CF22D12241F00AC2FDA /* Project object */;
}
